{"filter":false,"title":"Gemfile.lock","tooltip":"/Project/bennett_code/group4_spring2018/Gemfile.lock","undoManager":{"mark":-1,"position":-1,"stack":[]},"ace":{"folds":[],"scrolltop":0,"scrollleft":0,"selection":{"start":{"row":0,"column":0},"end":{"row":0,"column":0},"isBackwards":false},"options":{"guessTabSize":true,"useWrapMode":false,"wrapToView":true},"firstLineState":0},"hash":"ceb4cf629f3f92c4026cd0d5f827069e3a9b4e3f","timestamp":1519026823621}